
Microsoft Visual Studio Solution File, Format Version 12.00
# Visual Studio Version 17
VisualStudioVersion = 17.14.36310.24 d17.14
MinimumVisualStudioVersion = 10.0.40219.1
Project("{FAE04EC0-301F-11D3-BF4B-00C04F79EFBC}") = "angkringan", "angkringan\angkringan.csproj", "{DDEAC8AF-3F1E-49F4-B622-54E794078439}"
EndProject
Global
	GlobalSection(SolutionConfigurationPlatforms) = preSolution
		Debug|Any CPU = Debug|Any CPU
		Release|Any CPU = Release|Any CPU
	EndGlobalSection
	GlobalSection(ProjectConfigurationPlatforms) = postSolution
		{DDEAC8AF-3F1E-49F4-B622-54E794078439}.Debug|Any CPU.ActiveCfg = Debug|Any CPU
		{DDEAC8AF-3F1E-49F4-B622-54E794078439}.Debug|Any CPU.Build.0 = Debug|Any CPU
		{DDEAC8AF-3F1E-49F4-B622-54E794078439}.Release|Any CPU.ActiveCfg = Release|Any CPU
		{DDEAC8AF-3F1E-49F4-B622-54E794078439}.Release|Any CPU.Build.0 = Release|Any CPU
	EndGlobalSection
	GlobalSection(SolutionProperties) = preSolution
		HideSolutionNode = FALSE
	EndGlobalSection
	GlobalSection(ExtensibilityGlobals) = postSolution
		SolutionGuid = {8B76C68E-19C8-48D8-AFEF-605D611911D1}
	EndGlobalSection
EndGlobal
